
Microsoft Visual Studio Solution File, Format Version 12.00
# Visual Studio Version 17
VisualStudioVersion = 17.11.35327.3
MinimumVisualStudioVersion = 10.0.40219.1
Project("{9A19103F-16F7-4668-BE54-9A1E7A4F7556}") = "TiendaExaFinalS2", "TiendaExaFinalS2.csproj", "{AB794A1C-7C5A-45F1-B9D6-F4E401669B36}"
EndProject
Global
	GlobalSection(SolutionConfigurationPlatforms) = preSolution
		Debug|Any CPU = Debug|Any CPU
		Release|Any CPU = Release|Any CPU
	EndGlobalSection
	GlobalSection(ProjectConfigurationPlatforms) = postSolution
		{AB794A1C-7C5A-45F1-B9D6-F4E401669B36}.Debug|Any CPU.ActiveCfg = Debug|Any CPU
		{AB794A1C-7C5A-45F1-B9D6-F4E401669B36}.Debug|Any CPU.Build.0 = Debug|Any CPU
		{AB794A1C-7C5A-45F1-B9D6-F4E401669B36}.Release|Any CPU.ActiveCfg = Release|Any CPU
		{AB794A1C-7C5A-45F1-B9D6-F4E401669B36}.Release|Any CPU.Build.0 = Release|Any CPU
	EndGlobalSection
	GlobalSection(SolutionProperties) = preSolution
		HideSolutionNode = FALSE
	EndGlobalSection
	GlobalSection(ExtensibilityGlobals) = postSolution
		SolutionGuid = {B51E9FB9-84C0-42AF-9C69-C869C359EA17}
	EndGlobalSection
EndGlobal
